// !$*UTF8*$!
{
	archiveVersion = 1;
	classes = {
	};
	objectVersion = 46;
	objects = {

/* Begin PBXBuildFile section */
		107990AE1C435AAA0074C52C /* AppDelegate.swift in Sources */ = {isa = PBXBuildFile; fileRef = 107990AD1C435AAA0074C52C /* AppDelegate.swift */; };
		107990B01C435AAA0074C52C /* ViewController.swift in Sources */ = {isa = PBXBuildFile; fileRef = 107990AF1C435AAA0074C52C /* ViewController.swift */; };
		107990B31C435AAA0074C52C /* Main.storyboard in Resources */ = {isa = PBXBuildFile; fileRef = 107990B11C435AAA0074C52C /* Main.storyboard */; };
		107990B61C435AAA0074C52C /* ProductConsumerModal.xcdatamodeld in Sources */ = {isa = PBXBuildFile; fileRef = 107990B41C435AAA0074C52C /* ProductConsumerModal.xcdatamodeld */; };
		107990B81C435AAA0074C52C /* Assets.xcassets in Resources */ = {isa = PBXBuildFile; fileRef = 107990B71C435AAA0074C52C /* Assets.xcassets */; };
		107990BB1C435AAA0074C52C /* LaunchScreen.storyboard in Resources */ = {isa = PBXBuildFile; fileRef = 107990B91C435AAA0074C52C /* LaunchScreen.storyboard */; };
		107990C61C435AAA0074C52C /* ProductConsumerModalTests.swift in Sources */ = {isa = PBXBuildFile; fileRef = 107990C51C435AAA0074C52C /* ProductConsumerModalTests.swift */; };
/* End PBXBuildFile section */

/* Begin PBXContainerItemProxy section */
		107990C21C435AAA0074C52C /* PBXContainerItemProxy */ = {
			isa = PBXContainerItemProxy;
			containerPortal = 107990A21C435AAA0074C52C /* Project object */;
			proxyType = 1;
			remoteGlobalIDString = 107990A91C435AAA0074C52C;
			remoteInfo = ProductConsumerModal;
		};
/* End PBXContainerItemProxy section */

/* Begin PBXFileReference section */
		107990AA1C435AAA0074C52C /* ProductConsumerModal.app */ = {isa = PBXFileReference; explicitFileType = wrapper.application; includeInIndex = 0; path = ProductConsumerModal.app; sourceTree = BUILT_PRODUCTS_DIR; };
		107990AD1C435AAA0074C52C /* AppDelegate.swift */ = {isa = PBXFileReference; lastKnownFileType = sourcecode.swift; path = AppDelegate.swift; sourceTree = "<group>"; };
		107990AF1C435AAA0074C52C /* ViewController.swift */ = {isa = PBXFileReference; lastKnownFileType = sourcecode.swift; path = ViewController.swift; sourceTree = "<group>"; };
		107990B21C435AAA0074C52C /* Base */ = {isa = PBXFileReference; lastKnownFileType = file.storyboard; name = Base; path = Base.lproj/Main.storyboard; sourceTree = "<group>"; };
		107990B51C435AAA0074C52C /* ProductConsumerModal.xcdatamodel */ = {isa = PBXFileReference; lastKnownFileType = wrapper.xcdatamodel; path = ProductConsumerModal.xcdatamodel; sourceTree = "<group>"; };
		107990B71C435AAA0074C52C /* Assets.xcassets */ = {isa = PBXFileReference; lastKnownFileType = folder.assetcatalog; path = Assets.xcassets; sourceTree = "<group>"; };
		107990BA1C435AAA0074C52C /* Base */ = {isa = PBXFileReference; lastKnownFileType = file.storyboard; name = Base; path = Base.lproj/LaunchScreen.storyboard; sourceTree = "<group>"; };
		107990BC1C435AAA0074C52C /* Info.plist */ = {isa = PBXFileReference; lastKnownFileType = text.plist.xml; path = Info.plist; sourceTree = "<group>"; };
		107990C11C435AAA0074C52C /* ProductConsumerModalTests.xctest */ = {isa = PBXFileReference; explicitFileType = wrapper.cfbundle; includeInIndex = 0; path = ProductConsumerModalTests.xctest; sourceTree = BUILT_PRODUCTS_DIR; };
		107990C51C435AAA0074C52C /* ProductConsumerModalTests.swift */ = {isa = PBXFileReference; lastKnownFileType = sourcecode.swift; path = ProductConsumerModalTests.swift; sourceTree = "<group>"; };
		107990C71C435AAA0074C52C /* Info.plist */ = {isa = PBXFileReference; lastKnownFileType = text.plist.xml; path = Info.plist; sourceTree = "<group>"; };
/* End PBXFileReference section */

/* Begin PBXFrameworksBuildPhase section */
		107990A71C435AAA0074C52C /* Frameworks */ = {
			isa = PBXFrameworksBuildPhase;
			buildActionMask = 2147483647;
			files = (
			);
			runOnlyForDeploymentPostprocessing = 0;
		};
		107990BE1C435AAA0074C52C /* Frameworks */ = {
			isa = PBXFrameworksBuildPhase;
			buildActionMask = 2147483647;
			files = (
			);
			runOnlyForDeploymentPostprocessing = 0;
		};
/* End PBXFrameworksBuildPhase section */

/* Begin PBXGroup section */
		107990A11C435AAA0074C52C = {
			isa = PBXGroup;
			children = (
				107990AC1C435AAA0074C52C /* ProductConsumerModal */,
				107990C41C435AAA0074C52C /* ProductConsumerModalTests */,
				107990AB1C435AAA0074C52C /* Products */,
			);
			sourceTree = "<group>";
		};
		107990AB1C435AAA0074C52C /* Products */ = {
			isa = PBXGroup;
			children = (
				107990AA1C435AAA0074C52C /* ProductConsumerModal.app */,
				107990C11C435AAA0074C52C /* ProductConsumerModalTests.xctest */,
			);
			name = Products;
			sourceTree = "<group>";
		};
		107990AC1C435AAA0074C52C /* ProductConsumerModal */ = {
			isa = PBXGroup;
			children = (
				107990AD1C435AAA0074C52C /* AppDelegate.swift */,
				107990AF1C435AAA0074C52C /* ViewController.swift */,
				107990B11C435AAA0074C52C /* Main.storyboard */,
				107990B71C435AAA0074C52C /* Assets.xcassets */,
				107990B91C435AAA0074C52C /* LaunchScreen.storyboard */,
				107990BC1C435AAA0074C52C /* Info.plist */,
				107990B41C435AAA0074C52C /* ProductConsumerModal.xcdatamodeld */,
			);
			path = ProductConsumerModal;
			sourceTree = "<group>";
		};
		107990C41C435AAA0074C52C /* ProductConsumerModalTests */ = {
			isa = PBXGroup;
			children = (
				107990C51C435AAA0074C52C /* ProductConsumerModalTests.swift */,
				107990C71C435AAA0074C52C /* Info.plist */,
			);
			path = ProductConsumerModalTests;
			sourceTree = "<group>";
		};
/* End PBXGroup section */

/* Begin PBXNativeTarget section */
		107990A91C435AAA0074C52C /* ProductConsumerModal */ = {
			isa = PBXNativeTarget;
			buildConfigurationList = 107990CA1C435AAA0074C52C /* Build configuration list for PBXNativeTarget "ProductConsumerModal" */;
			buildPhases = (
				107990A61C435AAA0074C52C /* Sources */,
				107990A71C435AAA0074C52C /* Frameworks */,
				107990A81C435AAA0074C52C /* Resources */,
			);
			buildRules = (
			);
			dependencies = (
			);
			name = ProductConsumerModal;
			productName = ProductConsumerModal;
			productReference = 107990AA1C435AAA0074C52C /* ProductConsumerModal.app */;
			productType = "com.apple.product-type.application";
		};
		107990C01C435AAA0074C52C /* ProductConsumerModalTests */ = {
			isa = PBXNativeTarget;
			buildConfigurationList = 107990CD1C435AAA0074C52C /* Build configuration list for PBXNativeTarget "ProductConsumerModalTests" */;
			buildPhases = (
				107990BD1C435AAA0074C52C /* Sources */,
				107990BE1C435AAA0074C52C /* Frameworks */,
				107990BF1C435AAA0074C52C /* Resources */,
			);
			buildRules = (
			);
			dependencies = (
				107990C31C435AAA0074C52C /* PBXTargetDependency */,
			);
			name = ProductConsumerModalTests;
			productName = ProductConsumerModalTests;
			productReference = 107990C11C435AAA0074C52C /* ProductConsumerModalTests.xctest */;
			productType = "com.apple.product-type.bundle.unit-test";
		};
/* End PBXNativeTarget section */

/* Begin PBXProject section */
		107990A21C435AAA0074C52C /* Project object */ = {
			isa = PBXProject;
			attributes = {
				LastSwiftUpdateCheck = 0720;
				LastUpgradeCheck = 0720;
				ORGANIZATIONNAME = KeSen;
				TargetAttributes = {
					107990A91C435AAA0074C52C = {
						CreatedOnToolsVersion = 7.2;
					};
					107990C01C435AAA0074C52C = {
						CreatedOnToolsVersion = 7.2;
						TestTargetID = 107990A91C435AAA0074C52C;
					};
				};
			};
			buildConfigurationList = 107990A51C435AAA0074C52C /* Build configuration list for PBXProject "ProductConsumerModal" */;
			compatibilityVersion = "Xcode 3.2";
			developmentRegion = English;
			hasScannedForEncodings = 0;
			knownRegions = (
				en,
				Base,
			);
			mainGroup = 107990A11C435AAA0074C52C;
			productRefGroup = 107990AB1C435AAA0074C52C /* Products */;
			projectDirPath = "";
			projectRoot = "";
			targets = (
				107990A91C435AAA0074C52C /* ProductConsumerModal */,
				107990C01C435AAA0074C52C /* ProductConsumerModalTests */,
			);
		};
/* End PBXProject section */

/* Begin PBXResourcesBuildPhase section */
		107990A81C435AAA0074C52C /* Resources */ = {
			isa = PBXResourcesBuildPhase;
			buildActionMask = 2147483647;
			files = (
				107990BB1C435AAA0074C52C /* LaunchScreen.storyboard in Resources */,
				107990B81C435AAA0074C52C /* Assets.xcassets in Resources */,
				107990B31C435AAA0074C52C /* Main.storyboard in Resources */,
			);
			runOnlyForDeploymentPostprocessing = 0;
		};
		107990BF1C435AAA0074C52C /* Resources */ = {
			isa = PBXResourcesBuildPhase;
			buildActionMask = 2147483647;
			files = (
			);
			runOnlyForDeploymentPostprocessing = 0;
		};
/* End PBXResourcesBuildPhase section */

/* Begin PBXSourcesBuildPhase section */
		107990A61C435AAA0074C52C /* Sources */ = {
			isa = PBXSourcesBuildPhase;
			buildActionMask = 2147483647;
			files = (
				107990B61C435AAA0074C52C /* ProductConsumerModal.xcdatamodeld in Sources */,
				107990B01C435AAA0074C52C /* ViewController.swift in Sources */,
				107990AE1C435AAA0074C52C /* AppDelegate.swift in Sources */,
			);
			runOnlyForDeploymentPostprocessing = 0;
		};
		107990BD1C435AAA0074C52C /* Sources */ = {
			isa = PBXSourcesBuildPhase;
			buildActionMask = 2147483647;
			files = (
				107990C61C435AAA0074C52C /* ProductConsumerModalTests.swift in Sources */,
			);
			runOnlyForDeploymentPostprocessing = 0;
		};
/* End PBXSourcesBuildPhase section */

/* Begin PBXTargetDependency section */
		107990C31C435AAA0074C52C /* PBXTargetDependency */ = {
			isa = PBXTargetDependency;
			target = 107990A91C435AAA0074C52C /* ProductConsumerModal */;
			targetProxy = 107990C21C435AAA0074C52C /* PBXContainerItemProxy */;
		};
/* End PBXTargetDependency section */

/* Begin PBXVariantGroup section */
		107990B11C435AAA0074C52C /* Main.storyboard */ = {
			isa = PBXVariantGroup;
			children = (
				107990B21C435AAA0074C52C /* Base */,
			);
			name = Main.storyboard;
			sourceTree = "<group>";
		};
		107990B91C435AAA0074C52C /* LaunchScreen.storyboard */ = {
			isa = PBXVariantGroup;
			children = (
				107990BA1C435AAA0074C52C /* Base */,
			);
			name = LaunchScreen.storyboard;
			sourceTree = "<group>";
		};
/* End PBXVariantGroup section */

/* Begin XCBuildConfiguration section */
		107990C81C435AAA0074C52C /* Debug */ = {
			isa = XCBuildConfiguration;
			buildSettings = {
				ALWAYS_SEARCH_USER_PATHS = NO;
				CLANG_CXX_LANGUAGE_STANDARD = "gnu++0x";
				CLANG_CXX_LIBRARY = "libc++";
				CLANG_ENABLE_MODULES = YES;
				CLANG_ENABLE_OBJC_ARC = YES;
				CLANG_WARN_BOOL_CONVERSION = YES;
				CLANG_WARN_CONSTANT_CONVERSION = YES;
				CLANG_WARN_DIRECT_OBJC_ISA_USAGE = YES_ERROR;
				CLANG_WARN_EMPTY_BODY = YES;
				CLANG_WARN_ENUM_CONVERSION = YES;
				CLANG_WARN_INT_CONVERSION = YES;
				CLANG_WARN_OBJC_ROOT_CLASS = YES_ERROR;
				CLANG_WARN_UNREACHABLE_CODE = YES;
				CLANG_WARN__DUPLICATE_METHOD_MATCH = YES;
				"CODE_SIGN_IDENTITY[sdk=iphoneos*]" = "iPhone Developer";
				COPY_PHASE_STRIP = NO;
				DEBUG_INFORMATION_FORMAT = dwarf;
				ENABLE_STRICT_OBJC_MSGSEND = YES;
				ENABLE_TESTABILITY = YES;
				GCC_C_LANGUAGE_STANDARD = gnu99;
				GCC_DYNAMIC_NO_PIC = NO;
				GCC_NO_COMMON_BLOCKS = YES;
				GCC_OPTIMIZATION_LEVEL = 0;
				GCC_PREPROCESSOR_DEFINITIONS = (
					"DEBUG=1",
					"$(inherited)",
				);
				GCC_WARN_64_TO_32_BIT_CONVERSION = YES;
				GCC_WARN_ABOUT_RETURN_TYPE = YES_ERROR;
				GCC_WARN_UNDECLARED_SELECTOR = YES;
				GCC_WARN_UNINITIALIZED_AUTOS = YES_AGGRESSIVE;
				GCC_WARN_UNUSED_FUNCTION = YES;
				GCC_WARN_UNUSED_VARIABLE = YES;
				IPHONEOS_DEPLOYMENT_TARGET = 9.2;
				MTL_ENABLE_DEBUG_INFO = YES;
				ONLY_ACTIVE_ARCH = YES;
				SDKROOT = iphoneos;
				SWIFT_OPTIMIZATION_LEVEL = "-Onone";
				TARGETED_DEVICE_FAMILY = "1,2";
			};
			name = Debug;
		};
		107990C91C435AAA0074C52C /* Release */ = {
			isa = XCBuildConfiguration;
			buildSettings = {
				ALWAYS_SEARCH_USER_PATHS = NO;
				CLANG_CXX_LANGUAGE_STANDARD = "gnu++0x";
				CLANG_CXX_LIBRARY = "libc++";
				CLANG_ENABLE_MODULES = YES;
				CLANG_ENABLE_OBJC_ARC = YES;
				CLANG_WARN_BOOL_CONVERSION = YES;
				CLANG_WARN_CONSTANT_CONVERSION = YES;
				CLANG_WARN_DIRECT_OBJC_ISA_USAGE = YES_ERROR;
				CLANG_WARN_EMPTY_BODY = YES;
				CLANG_WARN_ENUM_CONVERSION = YES;
				CLANG_WARN_INT_CONVERSION = YES;
				CLANG_WARN_OBJC_ROOT_CLASS = YES_ERROR;
				CLANG_WARN_UNREACHABLE_CODE = YES;
				CLANG_WARN__DUPLICATE_METHOD_MATCH = YES;
				"CODE_SIGN_IDENTITY[sdk=iphoneos*]" = "iPhone Developer";
				COPY_PHASE_STRIP = NO;
				DEBUG_INFORMATION_FORMAT = "dwarf-with-dsym";
				ENABLE_NS_ASSERTIONS = NO;
				ENABLE_STRICT_OBJC_MSGSEND = YES;
				GCC_C_LANGUAGE_STANDARD = gnu99;
				GCC_NO_COMMON_BLOCKS = YES;
				GCC_WARN_64_TO_32_BIT_CONVERSION = YES;
				GCC_WARN_ABOUT_RETURN_TYPE = YES_ERROR;
				GCC_WARN_UNDECLARED_SELECTOR = YES;
				GCC_WARN_UNINITIALIZED_AUTOS = YES_AGGRESSIVE;
				GCC_WARN_UNUSED_FUNCTION = YES;
				GCC_WARN_UNUSED_VARIABLE = YES;
				IPHONEOS_DEPLOYMENT_TARGET = 9.2;
				MTL_ENABLE_DEBUG_INFO = NO;
				SDKROOT = iphoneos;
				TARGETED_DEVICE_FAMILY = "1,2";
				VALIDATE_PRODUCT = YES;
			};
			name = Release;
		};
		107990CB1C435AAA0074C52C /* Debug */ = {
			isa = XCBuildConfiguration;
			buildSettings = {
				ASSETCATALOG_COMPILER_APPICON_NAME = AppIcon;
				INFOPLIST_FILE = ProductConsumerModal/Info.plist;
				LD_RUNPATH_SEARCH_PATHS = "$(inherited) @executable_path/Frameworks";
				PRODUCT_BUNDLE_IDENTIFIER = KS.ProductConsumerModal;
				PRODUCT_NAME = "$(TARGET_NAME)";
			};
			name = Debug;
		};
		107990CC1C435AAA0074C52C /* Release */ = {
			isa = XCBuildConfiguration;
			buildSettings = {
				ASSETCATALOG_COMPILER_APPICON_NAME = AppIcon;
				INFOPLIST_FILE = ProductConsumerModal/Info.plist;
				LD_RUNPATH_SEARCH_PATHS = "$(inherited) @executable_path/Frameworks";
				PRODUCT_BUNDLE_IDENTIFIER = KS.ProductConsumerModal;
				PRODUCT_NAME = "$(TARGET_NAME)";
			};
			name = Release;
		};
		107990CE1C435AAA0074C52C /* Debug */ = {
			isa = XCBuildConfiguration;
			buildSettings = {
				BUNDLE_LOADER = "$(TEST_HOST)";
				INFOPLIST_FILE = ProductConsumerModalTests/Info.plist;
				LD_RUNPATH_SEARCH_PATHS = "$(inherited) @executable_path/Frameworks @loader_path/Frameworks";
				PRODUCT_BUNDLE_IDENTIFIER = KS.ProductConsumerModalTests;
				PRODUCT_NAME = "$(TARGET_NAME)";
				TEST_HOST = "$(BUILT_PRODUCTS_DIR)/ProductConsumerModal.app/ProductConsumerModal";
			};
			name = Debug;
		};
		107990CF1C435AAA0074C52C /* Release */ = {
			isa = XCBuildConfiguration;
			buildSettings = {
				BUNDLE_LOADER = "$(TEST_HOST)";
				INFOPLIST_FILE = ProductConsumerModalTests/Info.plist;
				LD_RUNPATH_SEARCH_PATHS = "$(inherited) @executable_path/Frameworks @loader_path/Frameworks";
				PRODUCT_BUNDLE_IDENTIFIER = KS.ProductConsumerModalTests;
				PRODUCT_NAME = "$(TARGET_NAME)";
				TEST_HOST = "$(BUILT_PRODUCTS_DIR)/ProductConsumerModal.app/ProductConsumerModal";
			};
			name = Release;
		};
/* End XCBuildConfiguration section */

/* Begin XCConfigurationList section */
		107990A51C435AAA0074C52C /* Build configuration list for PBXProject "ProductConsumerModal" */ = {
			isa = XCConfigurationList;
			buildConfigurations = (
				107990C81C435AAA0074C52C /* Debug */,
				107990C91C435AAA0074C52C /* Release */,
			);
			defaultConfigurationIsVisible = 0;
			defaultConfigurationName = Release;
		};
		107990CA1C435AAA0074C52C /* Build configuration list for PBXNativeTarget "ProductConsumerModal" */ = {
			isa = XCConfigurationList;
			buildConfigurations = (
				107990CB1C435AAA0074C52C /* Debug */,
				107990CC1C435AAA0074C52C /* Release */,
			);
			defaultConfigurationIsVisible = 0;
		};
		107990CD1C435AAA0074C52C /* Build configuration list for PBXNativeTarget "ProductConsumerModalTests" */ = {
			isa = XCConfigurationList;
			buildConfigurations = (
				107990CE1C435AAA0074C52C /* Debug */,
				107990CF1C435AAA0074C52C /* Release */,
			);
			defaultConfigurationIsVisible = 0;
		};
/* End XCConfigurationList section */

/* Begin XCVersionGroup section */
		107990B41C435AAA0074C52C /* ProductConsumerModal.xcdatamodeld */ = {
			isa = XCVersionGroup;
			children = (
				107990B51C435AAA0074C52C /* ProductConsumerModal.xcdatamodel */,
			);
			currentVersion = 107990B51C435AAA0074C52C /* ProductConsumerModal.xcdatamodel */;
			path = ProductConsumerModal.xcdatamodeld;
			sourceTree = "<group>";
			versionGroupType = wrapper.xcdatamodel;
		};
/* End XCVersionGroup section */
	};
	rootObject = 107990A21C435AAA0074C52C /* Project object */;
}
